
Microsoft Visual Studio Solution File, Format Version 12.00
# Visual Studio Version 17
VisualStudioVersion = 17.3.32825.248
MinimumVisualStudioVersion = 10.0.40219.1
Project("{FAE04EC0-301F-11D3-BF4B-00C04F79EFBC}") = "TugasPraktikum", "TugasPraktikum.csproj", "{37539330-3667-4F60-BA68-9756D260B392}"
EndProject
Global
	GlobalSection(SolutionConfigurationPlatforms) = preSolution
		Debug|Any CPU = Debug|Any CPU
		Release|Any CPU = Release|Any CPU
	EndGlobalSection
	GlobalSection(ProjectConfigurationPlatforms) = postSolution
		{37539330-3667-4F60-BA68-9756D260B392}.Debug|Any CPU.ActiveCfg = Debug|Any CPU
		{37539330-3667-4F60-BA68-9756D260B392}.Debug|Any CPU.Build.0 = Debug|Any CPU
		{37539330-3667-4F60-BA68-9756D260B392}.Release|Any CPU.ActiveCfg = Release|Any CPU
		{37539330-3667-4F60-BA68-9756D260B392}.Release|Any CPU.Build.0 = Release|Any CPU
	EndGlobalSection
	GlobalSection(SolutionProperties) = preSolution
		HideSolutionNode = FALSE
	EndGlobalSection
	GlobalSection(ExtensibilityGlobals) = postSolution
		SolutionGuid = {3DDEF522-7780-4072-98BB-53ABA0D29018}
	EndGlobalSection
EndGlobal
